// !$*UTF8*$!
{
	archiveVersion = 1;
	classes = {
	};
	objectVersion = 50;
	objects = {

/* Begin PBXBuildFile section */
		0725E16A96B926EDE9D3759C /* Pods_SyncTests.framework in Frameworks */ = {isa = PBXBuildFile; fileRef = B37529C87105093CA9C42C09 /* Pods_SyncTests.framework */; };
		19991D372210350500132E75 /* SyncSlave.swift in Sources */ = {isa = PBXBuildFile; fileRef = 19991D362210350500132E75 /* SyncSlave.swift */; };
		19991D392210352B00132E75 /* Config.swift in Sources */ = {isa = PBXBuildFile; fileRef = 19991D382210352B00132E75 /* Config.swift */; };
		19991D3B2210A0CA00132E75 /* SyncMaster.swift in Sources */ = {isa = PBXBuildFile; fileRef = 19991D3A2210A0CA00132E75 /* SyncMaster.swift */; };
		19991D3D2210A91E00132E75 /* Protocol.swift in Sources */ = {isa = PBXBuildFile; fileRef = 19991D3C2210A91E00132E75 /* Protocol.swift */; };
		19F4D58F220F22390010BF89 /* AppDelegate.swift in Sources */ = {isa = PBXBuildFile; fileRef = 19F4D58E220F22390010BF89 /* AppDelegate.swift */; };
		19F4D591220F22390010BF89 /* ViewController.swift in Sources */ = {isa = PBXBuildFile; fileRef = 19F4D590220F22390010BF89 /* ViewController.swift */; };
		19F4D594220F22390010BF89 /* Main.storyboard in Resources */ = {isa = PBXBuildFile; fileRef = 19F4D592220F22390010BF89 /* Main.storyboard */; };
		19F4D596220F223A0010BF89 /* Assets.xcassets in Resources */ = {isa = PBXBuildFile; fileRef = 19F4D595220F223A0010BF89 /* Assets.xcassets */; };
		19F4D599220F223A0010BF89 /* LaunchScreen.storyboard in Resources */ = {isa = PBXBuildFile; fileRef = 19F4D597220F223A0010BF89 /* LaunchScreen.storyboard */; };
		19F4D5A4220F223A0010BF89 /* SyncTests.swift in Sources */ = {isa = PBXBuildFile; fileRef = 19F4D5A3220F223A0010BF89 /* SyncTests.swift */; };
		CE96B5E9B8751D17193BDC3B /* Pods_Sync.framework in Frameworks */ = {isa = PBXBuildFile; fileRef = ACE4B39D05AAE3B707EE3520 /* Pods_Sync.framework */; };
/* End PBXBuildFile section */

/* Begin PBXContainerItemProxy section */
		19F4D5A0220F223A0010BF89 /* PBXContainerItemProxy */ = {
			isa = PBXContainerItemProxy;
			containerPortal = 19F4D583220F22390010BF89 /* Project object */;
			proxyType = 1;
			remoteGlobalIDString = 19F4D58A220F22390010BF89;
			remoteInfo = Sync;
		};
/* End PBXContainerItemProxy section */

/* Begin PBXFileReference section */
		19991D362210350500132E75 /* SyncSlave.swift */ = {isa = PBXFileReference; lastKnownFileType = sourcecode.swift; path = SyncSlave.swift; sourceTree = "<group>"; };
		19991D382210352B00132E75 /* Config.swift */ = {isa = PBXFileReference; lastKnownFileType = sourcecode.swift; path = Config.swift; sourceTree = "<group>"; };
		19991D3A2210A0CA00132E75 /* SyncMaster.swift */ = {isa = PBXFileReference; lastKnownFileType = sourcecode.swift; path = SyncMaster.swift; sourceTree = "<group>"; };
		19991D3C2210A91E00132E75 /* Protocol.swift */ = {isa = PBXFileReference; lastKnownFileType = sourcecode.swift; path = Protocol.swift; sourceTree = "<group>"; };
		19F4D58B220F22390010BF89 /* Sync.app */ = {isa = PBXFileReference; explicitFileType = wrapper.application; includeInIndex = 0; path = Sync.app; sourceTree = BUILT_PRODUCTS_DIR; };
		19F4D58E220F22390010BF89 /* AppDelegate.swift */ = {isa = PBXFileReference; lastKnownFileType = sourcecode.swift; path = AppDelegate.swift; sourceTree = "<group>"; };
		19F4D590220F22390010BF89 /* ViewController.swift */ = {isa = PBXFileReference; lastKnownFileType = sourcecode.swift; path = ViewController.swift; sourceTree = "<group>"; };
		19F4D593220F22390010BF89 /* Base */ = {isa = PBXFileReference; lastKnownFileType = file.storyboard; name = Base; path = Base.lproj/Main.storyboard; sourceTree = "<group>"; };
		19F4D595220F223A0010BF89 /* Assets.xcassets */ = {isa = PBXFileReference; lastKnownFileType = folder.assetcatalog; path = Assets.xcassets; sourceTree = "<group>"; };
		19F4D598220F223A0010BF89 /* Base */ = {isa = PBXFileReference; lastKnownFileType = file.storyboard; name = Base; path = Base.lproj/LaunchScreen.storyboard; sourceTree = "<group>"; };
		19F4D59A220F223A0010BF89 /* Info.plist */ = {isa = PBXFileReference; lastKnownFileType = text.plist.xml; path = Info.plist; sourceTree = "<group>"; };
		19F4D59F220F223A0010BF89 /* SyncTests.xctest */ = {isa = PBXFileReference; explicitFileType = wrapper.cfbundle; includeInIndex = 0; path = SyncTests.xctest; sourceTree = BUILT_PRODUCTS_DIR; };
		19F4D5A3220F223A0010BF89 /* SyncTests.swift */ = {isa = PBXFileReference; lastKnownFileType = sourcecode.swift; path = SyncTests.swift; sourceTree = "<group>"; };
		19F4D5A5220F223A0010BF89 /* Info.plist */ = {isa = PBXFileReference; lastKnownFileType = text.plist.xml; path = Info.plist; sourceTree = "<group>"; };
		3CAD44F8A1459B5EB66D06D7 /* Pods-SyncTests.release.xcconfig */ = {isa = PBXFileReference; includeInIndex = 1; lastKnownFileType = text.xcconfig; name = "Pods-SyncTests.release.xcconfig"; path = "Pods/Target Support Files/Pods-SyncTests/Pods-SyncTests.release.xcconfig"; sourceTree = "<group>"; };
		50746A5541E5A31645F13B45 /* Pods-Sync.debug.xcconfig */ = {isa = PBXFileReference; includeInIndex = 1; lastKnownFileType = text.xcconfig; name = "Pods-Sync.debug.xcconfig"; path = "Pods/Target Support Files/Pods-Sync/Pods-Sync.debug.xcconfig"; sourceTree = "<group>"; };
		84415B2E41BB7942CD2D23B7 /* Pods-SyncTests.debug.xcconfig */ = {isa = PBXFileReference; includeInIndex = 1; lastKnownFileType = text.xcconfig; name = "Pods-SyncTests.debug.xcconfig"; path = "Pods/Target Support Files/Pods-SyncTests/Pods-SyncTests.debug.xcconfig"; sourceTree = "<group>"; };
		ACE4B39D05AAE3B707EE3520 /* Pods_Sync.framework */ = {isa = PBXFileReference; explicitFileType = wrapper.framework; includeInIndex = 0; path = Pods_Sync.framework; sourceTree = BUILT_PRODUCTS_DIR; };
		B37529C87105093CA9C42C09 /* Pods_SyncTests.framework */ = {isa = PBXFileReference; explicitFileType = wrapper.framework; includeInIndex = 0; path = Pods_SyncTests.framework; sourceTree = BUILT_PRODUCTS_DIR; };
		BFDAB6341A4D5D687F1C79EC /* Pods-Sync.release.xcconfig */ = {isa = PBXFileReference; includeInIndex = 1; lastKnownFileType = text.xcconfig; name = "Pods-Sync.release.xcconfig"; path = "Pods/Target Support Files/Pods-Sync/Pods-Sync.release.xcconfig"; sourceTree = "<group>"; };
/* End PBXFileReference section */

/* Begin PBXFrameworksBuildPhase section */
		19F4D588220F22390010BF89 /* Frameworks */ = {
			isa = PBXFrameworksBuildPhase;
			buildActionMask = 2147483647;
			files = (
				CE96B5E9B8751D17193BDC3B /* Pods_Sync.framework in Frameworks */,
			);
			runOnlyForDeploymentPostprocessing = 0;
		};
		19F4D59C220F223A0010BF89 /* Frameworks */ = {
			isa = PBXFrameworksBuildPhase;
			buildActionMask = 2147483647;
			files = (
				0725E16A96B926EDE9D3759C /* Pods_SyncTests.framework in Frameworks */,
			);
			runOnlyForDeploymentPostprocessing = 0;
		};
/* End PBXFrameworksBuildPhase section */

/* Begin PBXGroup section */
		15F95451A74CB627F99033E1 /* Frameworks */ = {
			isa = PBXGroup;
			children = (
				ACE4B39D05AAE3B707EE3520 /* Pods_Sync.framework */,
				B37529C87105093CA9C42C09 /* Pods_SyncTests.framework */,
			);
			name = Frameworks;
			sourceTree = "<group>";
		};
		19991D35221034EF00132E75 /* Protocol */ = {
			isa = PBXGroup;
			children = (
				19991D362210350500132E75 /* SyncSlave.swift */,
				19991D382210352B00132E75 /* Config.swift */,
				19991D3A2210A0CA00132E75 /* SyncMaster.swift */,
				19991D3C2210A91E00132E75 /* Protocol.swift */,
			);
			path = Protocol;
			sourceTree = "<group>";
		};
		19F4D582220F22390010BF89 = {
			isa = PBXGroup;
			children = (
				19F4D58D220F22390010BF89 /* Sync */,
				19F4D5A2220F223A0010BF89 /* SyncTests */,
				19F4D58C220F22390010BF89 /* Products */,
				AE7A0B4D05053D57BEEC1FC1 /* Pods */,
				15F95451A74CB627F99033E1 /* Frameworks */,
			);
			sourceTree = "<group>";
		};
		19F4D58C220F22390010BF89 /* Products */ = {
			isa = PBXGroup;
			children = (
				19F4D58B220F22390010BF89 /* Sync.app */,
				19F4D59F220F223A0010BF89 /* SyncTests.xctest */,
			);
			name = Products;
			sourceTree = "<group>";
		};
		19F4D58D220F22390010BF89 /* Sync */ = {
			isa = PBXGroup;
			children = (
				19991D35221034EF00132E75 /* Protocol */,
				19F4D58E220F22390010BF89 /* AppDelegate.swift */,
				19F4D590220F22390010BF89 /* ViewController.swift */,
				19F4D592220F22390010BF89 /* Main.storyboard */,
				19F4D595220F223A0010BF89 /* Assets.xcassets */,
				19F4D597220F223A0010BF89 /* LaunchScreen.storyboard */,
				19F4D59A220F223A0010BF89 /* Info.plist */,
			);
			path = Sync;
			sourceTree = "<group>";
		};
		19F4D5A2220F223A0010BF89 /* SyncTests */ = {
			isa = PBXGroup;
			children = (
				19F4D5A3220F223A0010BF89 /* SyncTests.swift */,
				19F4D5A5220F223A0010BF89 /* Info.plist */,
			);
			path = SyncTests;
			sourceTree = "<group>";
		};
		AE7A0B4D05053D57BEEC1FC1 /* Pods */ = {
			isa = PBXGroup;
			children = (
				50746A5541E5A31645F13B45 /* Pods-Sync.debug.xcconfig */,
				BFDAB6341A4D5D687F1C79EC /* Pods-Sync.release.xcconfig */,
				84415B2E41BB7942CD2D23B7 /* Pods-SyncTests.debug.xcconfig */,
				3CAD44F8A1459B5EB66D06D7 /* Pods-SyncTests.release.xcconfig */,
			);
			name = Pods;
			sourceTree = "<group>";
		};
/* End PBXGroup section */

/* Begin PBXNativeTarget section */
		19F4D58A220F22390010BF89 /* Sync */ = {
			isa = PBXNativeTarget;
			buildConfigurationList = 19F4D5A8220F223A0010BF89 /* Build configuration list for PBXNativeTarget "Sync" */;
			buildPhases = (
				AE984AD55FD39A52341A2A0A /* [CP] Check Pods Manifest.lock */,
				19F4D587220F22390010BF89 /* Sources */,
				19F4D588220F22390010BF89 /* Frameworks */,
				19F4D589220F22390010BF89 /* Resources */,
				E2A4D0D6E0DAD062FBF0F60C /* [CP] Embed Pods Frameworks */,
			);
			buildRules = (
			);
			dependencies = (
			);
			name = Sync;
			productName = Sync;
			productReference = 19F4D58B220F22390010BF89 /* Sync.app */;
			productType = "com.apple.product-type.application";
		};
		19F4D59E220F223A0010BF89 /* SyncTests */ = {
			isa = PBXNativeTarget;
			buildConfigurationList = 19F4D5AB220F223A0010BF89 /* Build configuration list for PBXNativeTarget "SyncTests" */;
			buildPhases = (
				F5C1AEB9545D4B74B84E74CD /* [CP] Check Pods Manifest.lock */,
				19F4D59B220F223A0010BF89 /* Sources */,
				19F4D59C220F223A0010BF89 /* Frameworks */,
				19F4D59D220F223A0010BF89 /* Resources */,
			);
			buildRules = (
			);
			dependencies = (
				19F4D5A1220F223A0010BF89 /* PBXTargetDependency */,
			);
			name = SyncTests;
			productName = SyncTests;
			productReference = 19F4D59F220F223A0010BF89 /* SyncTests.xctest */;
			productType = "com.apple.product-type.bundle.unit-test";
		};
/* End PBXNativeTarget section */

/* Begin PBXProject section */
		19F4D583220F22390010BF89 /* Project object */ = {
			isa = PBXProject;
			attributes = {
				LastSwiftUpdateCheck = 1010;
				LastUpgradeCheck = 1010;
				ORGANIZATIONNAME = "Joakim Stien";
				TargetAttributes = {
					19F4D58A220F22390010BF89 = {
						CreatedOnToolsVersion = 10.1;
					};
					19F4D59E220F223A0010BF89 = {
						CreatedOnToolsVersion = 10.1;
						TestTargetID = 19F4D58A220F22390010BF89;
					};
				};
			};
			buildConfigurationList = 19F4D586220F22390010BF89 /* Build configuration list for PBXProject "Sync" */;
			compatibilityVersion = "Xcode 9.3";
			developmentRegion = en;
			hasScannedForEncodings = 0;
			knownRegions = (
				en,
				Base,
			);
			mainGroup = 19F4D582220F22390010BF89;
			productRefGroup = 19F4D58C220F22390010BF89 /* Products */;
			projectDirPath = "";
			projectRoot = "";
			targets = (
				19F4D58A220F22390010BF89 /* Sync */,
				19F4D59E220F223A0010BF89 /* SyncTests */,
			);
		};
/* End PBXProject section */

/* Begin PBXResourcesBuildPhase section */
		19F4D589220F22390010BF89 /* Resources */ = {
			isa = PBXResourcesBuildPhase;
			buildActionMask = 2147483647;
			files = (
				19F4D599220F223A0010BF89 /* LaunchScreen.storyboard in Resources */,
				19F4D596220F223A0010BF89 /* Assets.xcassets in Resources */,
				19F4D594220F22390010BF89 /* Main.storyboard in Resources */,
			);
			runOnlyForDeploymentPostprocessing = 0;
		};
		19F4D59D220F223A0010BF89 /* Resources */ = {
			isa = PBXResourcesBuildPhase;
			buildActionMask = 2147483647;
			files = (
			);
			runOnlyForDeploymentPostprocessing = 0;
		};
/* End PBXResourcesBuildPhase section */

/* Begin PBXShellScriptBuildPhase section */
		AE984AD55FD39A52341A2A0A /* [CP] Check Pods Manifest.lock */ = {
			isa = PBXShellScriptBuildPhase;
			buildActionMask = 2147483647;
			files = (
			);
			inputFileListPaths = (
			);
			inputPaths = (
				"${PODS_PODFILE_DIR_PATH}/Podfile.lock",
				"${PODS_ROOT}/Manifest.lock",
			);
			name = "[CP] Check Pods Manifest.lock";
			outputFileListPaths = (
			);
			outputPaths = (
				"$(DERIVED_FILE_DIR)/Pods-Sync-checkManifestLockResult.txt",
			);
			runOnlyForDeploymentPostprocessing = 0;
			shellPath = /bin/sh;
			shellScript = "diff \"${PODS_PODFILE_DIR_PATH}/Podfile.lock\" \"${PODS_ROOT}/Manifest.lock\" > /dev/null\nif [ $? != 0 ] ; then\n    # print error to STDERR\n    echo \"error: The sandbox is not in sync with the Podfile.lock. Run 'pod install' or update your CocoaPods installation.\" >&2\n    exit 1\nfi\n# This output is used by Xcode 'outputs' to avoid re-running this script phase.\necho \"SUCCESS\" > \"${SCRIPT_OUTPUT_FILE_0}\"\n";
			showEnvVarsInLog = 0;
		};
		E2A4D0D6E0DAD062FBF0F60C /* [CP] Embed Pods Frameworks */ = {
			isa = PBXShellScriptBuildPhase;
			buildActionMask = 2147483647;
			files = (
			);
			inputFileListPaths = (
			);
			inputPaths = (
				"${SRCROOT}/Pods/Target Support Files/Pods-Sync/Pods-Sync-frameworks.sh",
				"${BUILT_PRODUCTS_DIR}/CocoaAsyncSocket/CocoaAsyncSocket.framework",
			);
			name = "[CP] Embed Pods Frameworks";
			outputFileListPaths = (
			);
			outputPaths = (
				"${TARGET_BUILD_DIR}/${FRAMEWORKS_FOLDER_PATH}/CocoaAsyncSocket.framework",
			);
			runOnlyForDeploymentPostprocessing = 0;
			shellPath = /bin/sh;
			shellScript = "\"${SRCROOT}/Pods/Target Support Files/Pods-Sync/Pods-Sync-frameworks.sh\"\n";
			showEnvVarsInLog = 0;
		};
		F5C1AEB9545D4B74B84E74CD /* [CP] Check Pods Manifest.lock */ = {
			isa = PBXShellScriptBuildPhase;
			buildActionMask = 2147483647;
			files = (
			);
			inputFileListPaths = (
			);
			inputPaths = (
				"${PODS_PODFILE_DIR_PATH}/Podfile.lock",
				"${PODS_ROOT}/Manifest.lock",
			);
			name = "[CP] Check Pods Manifest.lock";
			outputFileListPaths = (
			);
			outputPaths = (
				"$(DERIVED_FILE_DIR)/Pods-SyncTests-checkManifestLockResult.txt",
			);
			runOnlyForDeploymentPostprocessing = 0;
			shellPath = /bin/sh;
			shellScript = "diff \"${PODS_PODFILE_DIR_PATH}/Podfile.lock\" \"${PODS_ROOT}/Manifest.lock\" > /dev/null\nif [ $? != 0 ] ; then\n    # print error to STDERR\n    echo \"error: The sandbox is not in sync with the Podfile.lock. Run 'pod install' or update your CocoaPods installation.\" >&2\n    exit 1\nfi\n# This output is used by Xcode 'outputs' to avoid re-running this script phase.\necho \"SUCCESS\" > \"${SCRIPT_OUTPUT_FILE_0}\"\n";
			showEnvVarsInLog = 0;
		};
/* End PBXShellScriptBuildPhase section */

/* Begin PBXSourcesBuildPhase section */
		19F4D587220F22390010BF89 /* Sources */ = {
			isa = PBXSourcesBuildPhase;
			buildActionMask = 2147483647;
			files = (
				19991D3B2210A0CA00132E75 /* SyncMaster.swift in Sources */,
				19F4D591220F22390010BF89 /* ViewController.swift in Sources */,
				19991D372210350500132E75 /* SyncSlave.swift in Sources */,
				19F4D58F220F22390010BF89 /* AppDelegate.swift in Sources */,
				19991D392210352B00132E75 /* Config.swift in Sources */,
				19991D3D2210A91E00132E75 /* Protocol.swift in Sources */,
			);
			runOnlyForDeploymentPostprocessing = 0;
		};
		19F4D59B220F223A0010BF89 /* Sources */ = {
			isa = PBXSourcesBuildPhase;
			buildActionMask = 2147483647;
			files = (
				19F4D5A4220F223A0010BF89 /* SyncTests.swift in Sources */,
			);
			runOnlyForDeploymentPostprocessing = 0;
		};
/* End PBXSourcesBuildPhase section */

/* Begin PBXTargetDependency section */
		19F4D5A1220F223A0010BF89 /* PBXTargetDependency */ = {
			isa = PBXTargetDependency;
			target = 19F4D58A220F22390010BF89 /* Sync */;
			targetProxy = 19F4D5A0220F223A0010BF89 /* PBXContainerItemProxy */;
		};
/* End PBXTargetDependency section */

/* Begin PBXVariantGroup section */
		19F4D592220F22390010BF89 /* Main.storyboard */ = {
			isa = PBXVariantGroup;
			children = (
				19F4D593220F22390010BF89 /* Base */,
			);
			name = Main.storyboard;
			sourceTree = "<group>";
		};
		19F4D597220F223A0010BF89 /* LaunchScreen.storyboard */ = {
			isa = PBXVariantGroup;
			children = (
				19F4D598220F223A0010BF89 /* Base */,
			);
			name = LaunchScreen.storyboard;
			sourceTree = "<group>";
		};
/* End PBXVariantGroup section */

/* Begin XCBuildConfiguration section */
		19F4D5A6220F223A0010BF89 /* Debug */ = {
			isa = XCBuildConfiguration;
			buildSettings = {
				ALWAYS_SEARCH_USER_PATHS = NO;
				CLANG_ANALYZER_NONNULL = YES;
				CLANG_ANALYZER_NUMBER_OBJECT_CONVERSION = YES_AGGRESSIVE;
				CLANG_CXX_LANGUAGE_STANDARD = "gnu++14";
				CLANG_CXX_LIBRARY = "libc++";
				CLANG_ENABLE_MODULES = YES;
				CLANG_ENABLE_OBJC_ARC = YES;
				CLANG_ENABLE_OBJC_WEAK = YES;
				CLANG_WARN_BLOCK_CAPTURE_AUTORELEASING = YES;
				CLANG_WARN_BOOL_CONVERSION = YES;
				CLANG_WARN_COMMA = YES;
				CLANG_WARN_CONSTANT_CONVERSION = YES;
				CLANG_WARN_DEPRECATED_OBJC_IMPLEMENTATIONS = YES;
				CLANG_WARN_DIRECT_OBJC_ISA_USAGE = YES_ERROR;
				CLANG_WARN_DOCUMENTATION_COMMENTS = YES;
				CLANG_WARN_EMPTY_BODY = YES;
				CLANG_WARN_ENUM_CONVERSION = YES;
				CLANG_WARN_INFINITE_RECURSION = YES;
				CLANG_WARN_INT_CONVERSION = YES;
				CLANG_WARN_NON_LITERAL_NULL_CONVERSION = YES;
				CLANG_WARN_OBJC_IMPLICIT_RETAIN_SELF = YES;
				CLANG_WARN_OBJC_LITERAL_CONVERSION = YES;
				CLANG_WARN_OBJC_ROOT_CLASS = YES_ERROR;
				CLANG_WARN_RANGE_LOOP_ANALYSIS = YES;
				CLANG_WARN_STRICT_PROTOTYPES = YES;
				CLANG_WARN_SUSPICIOUS_MOVE = YES;
				CLANG_WARN_UNGUARDED_AVAILABILITY = YES_AGGRESSIVE;
				CLANG_WARN_UNREACHABLE_CODE = YES;
				CLANG_WARN__DUPLICATE_METHOD_MATCH = YES;
				CODE_SIGN_IDENTITY = "iPhone Developer";
				COPY_PHASE_STRIP = NO;
				DEBUG_INFORMATION_FORMAT = dwarf;
				ENABLE_STRICT_OBJC_MSGSEND = YES;
				ENABLE_TESTABILITY = YES;
				GCC_C_LANGUAGE_STANDARD = gnu11;
				GCC_DYNAMIC_NO_PIC = NO;
				GCC_NO_COMMON_BLOCKS = YES;
				GCC_OPTIMIZATION_LEVEL = 0;
				GCC_PREPROCESSOR_DEFINITIONS = (
					"DEBUG=1",
					"$(inherited)",
				);
				GCC_WARN_64_TO_32_BIT_CONVERSION = YES;
				GCC_WARN_ABOUT_RETURN_TYPE = YES_ERROR;
				GCC_WARN_UNDECLARED_SELECTOR = YES;
				GCC_WARN_UNINITIALIZED_AUTOS = YES_AGGRESSIVE;
				GCC_WARN_UNUSED_FUNCTION = YES;
				GCC_WARN_UNUSED_VARIABLE = YES;
				IPHONEOS_DEPLOYMENT_TARGET = 12.1;
				MTL_ENABLE_DEBUG_INFO = INCLUDE_SOURCE;
				MTL_FAST_MATH = YES;
				ONLY_ACTIVE_ARCH = YES;
				SDKROOT = iphoneos;
				SWIFT_ACTIVE_COMPILATION_CONDITIONS = DEBUG;
				SWIFT_OPTIMIZATION_LEVEL = "-Onone";
			};
			name = Debug;
		};
		19F4D5A7220F223A0010BF89 /* Release */ = {
			isa = XCBuildConfiguration;
			buildSettings = {
				ALWAYS_SEARCH_USER_PATHS = NO;
				CLANG_ANALYZER_NONNULL = YES;
				CLANG_ANALYZER_NUMBER_OBJECT_CONVERSION = YES_AGGRESSIVE;
				CLANG_CXX_LANGUAGE_STANDARD = "gnu++14";
				CLANG_CXX_LIBRARY = "libc++";
				CLANG_ENABLE_MODULES = YES;
				CLANG_ENABLE_OBJC_ARC = YES;
				CLANG_ENABLE_OBJC_WEAK = YES;
				CLANG_WARN_BLOCK_CAPTURE_AUTORELEASING = YES;
				CLANG_WARN_BOOL_CONVERSION = YES;
				CLANG_WARN_COMMA = YES;
				CLANG_WARN_CONSTANT_CONVERSION = YES;
				CLANG_WARN_DEPRECATED_OBJC_IMPLEMENTATIONS = YES;
				CLANG_WARN_DIRECT_OBJC_ISA_USAGE = YES_ERROR;
				CLANG_WARN_DOCUMENTATION_COMMENTS = YES;
				CLANG_WARN_EMPTY_BODY = YES;
				CLANG_WARN_ENUM_CONVERSION = YES;
				CLANG_WARN_INFINITE_RECURSION = YES;
				CLANG_WARN_INT_CONVERSION = YES;
				CLANG_WARN_NON_LITERAL_NULL_CONVERSION = YES;
				CLANG_WARN_OBJC_IMPLICIT_RETAIN_SELF = YES;
				CLANG_WARN_OBJC_LITERAL_CONVERSION = YES;
				CLANG_WARN_OBJC_ROOT_CLASS = YES_ERROR;
				CLANG_WARN_RANGE_LOOP_ANALYSIS = YES;
				CLANG_WARN_STRICT_PROTOTYPES = YES;
				CLANG_WARN_SUSPICIOUS_MOVE = YES;
				CLANG_WARN_UNGUARDED_AVAILABILITY = YES_AGGRESSIVE;
				CLANG_WARN_UNREACHABLE_CODE = YES;
				CLANG_WARN__DUPLICATE_METHOD_MATCH = YES;
				CODE_SIGN_IDENTITY = "iPhone Developer";
				COPY_PHASE_STRIP = NO;
				DEBUG_INFORMATION_FORMAT = "dwarf-with-dsym";
				ENABLE_NS_ASSERTIONS = NO;
				ENABLE_STRICT_OBJC_MSGSEND = YES;
				GCC_C_LANGUAGE_STANDARD = gnu11;
				GCC_NO_COMMON_BLOCKS = YES;
				GCC_WARN_64_TO_32_BIT_CONVERSION = YES;
				GCC_WARN_ABOUT_RETURN_TYPE = YES_ERROR;
				GCC_WARN_UNDECLARED_SELECTOR = YES;
				GCC_WARN_UNINITIALIZED_AUTOS = YES_AGGRESSIVE;
				GCC_WARN_UNUSED_FUNCTION = YES;
				GCC_WARN_UNUSED_VARIABLE = YES;
				IPHONEOS_DEPLOYMENT_TARGET = 12.1;
				MTL_ENABLE_DEBUG_INFO = NO;
				MTL_FAST_MATH = YES;
				SDKROOT = iphoneos;
				SWIFT_COMPILATION_MODE = wholemodule;
				SWIFT_OPTIMIZATION_LEVEL = "-O";
				VALIDATE_PRODUCT = YES;
			};
			name = Release;
		};
		19F4D5A9220F223A0010BF89 /* Debug */ = {
			isa = XCBuildConfiguration;
			baseConfigurationReference = 50746A5541E5A31645F13B45 /* Pods-Sync.debug.xcconfig */;
			buildSettings = {
				ASSETCATALOG_COMPILER_APPICON_NAME = AppIcon;
				CODE_SIGN_STYLE = Automatic;
				DEVELOPMENT_TEAM = WSQ25TFDK3;
				INFOPLIST_FILE = Sync/Info.plist;
				LD_RUNPATH_SEARCH_PATHS = (
					"$(inherited)",
					"@executable_path/Frameworks",
				);
				PRODUCT_BUNDLE_IDENTIFIER = no.jstien.Sync;
				PRODUCT_NAME = "$(TARGET_NAME)";
				SWIFT_VERSION = 4.2;
				TARGETED_DEVICE_FAMILY = "1,2";
			};
			name = Debug;
		};
		19F4D5AA220F223A0010BF89 /* Release */ = {
			isa = XCBuildConfiguration;
			baseConfigurationReference = BFDAB6341A4D5D687F1C79EC /* Pods-Sync.release.xcconfig */;
			buildSettings = {
				ASSETCATALOG_COMPILER_APPICON_NAME = AppIcon;
				CODE_SIGN_STYLE = Automatic;
				DEVELOPMENT_TEAM = WSQ25TFDK3;
				INFOPLIST_FILE = Sync/Info.plist;
				LD_RUNPATH_SEARCH_PATHS = (
					"$(inherited)",
					"@executable_path/Frameworks",
				);
				PRODUCT_BUNDLE_IDENTIFIER = no.jstien.Sync;
				PRODUCT_NAME = "$(TARGET_NAME)";
				SWIFT_VERSION = 4.2;
				TARGETED_DEVICE_FAMILY = "1,2";
			};
			name = Release;
		};
		19F4D5AC220F223A0010BF89 /* Debug */ = {
			isa = XCBuildConfiguration;
			baseConfigurationReference = 84415B2E41BB7942CD2D23B7 /* Pods-SyncTests.debug.xcconfig */;
			buildSettings = {
				ALWAYS_EMBED_SWIFT_STANDARD_LIBRARIES = YES;
				BUNDLE_LOADER = "$(TEST_HOST)";
				CODE_SIGN_STYLE = Automatic;
				DEVELOPMENT_TEAM = WSQ25TFDK3;
				INFOPLIST_FILE = SyncTests/Info.plist;
				LD_RUNPATH_SEARCH_PATHS = (
					"$(inherited)",
					"@executable_path/Frameworks",
					"@loader_path/Frameworks",
				);
				PRODUCT_BUNDLE_IDENTIFIER = no.jstien.SyncTests;
				PRODUCT_NAME = "$(TARGET_NAME)";
				SWIFT_VERSION = 4.2;
				TARGETED_DEVICE_FAMILY = "1,2";
				TEST_HOST = "$(BUILT_PRODUCTS_DIR)/Sync.app/Sync";
			};
			name = Debug;
		};
		19F4D5AD220F223A0010BF89 /* Release */ = {
			isa = XCBuildConfiguration;
			baseConfigurationReference = 3CAD44F8A1459B5EB66D06D7 /* Pods-SyncTests.release.xcconfig */;
			buildSettings = {
				ALWAYS_EMBED_SWIFT_STANDARD_LIBRARIES = YES;
				BUNDLE_LOADER = "$(TEST_HOST)";
				CODE_SIGN_STYLE = Automatic;
				DEVELOPMENT_TEAM = WSQ25TFDK3;
				INFOPLIST_FILE = SyncTests/Info.plist;
				LD_RUNPATH_SEARCH_PATHS = (
					"$(inherited)",
					"@executable_path/Frameworks",
					"@loader_path/Frameworks",
				);
				PRODUCT_BUNDLE_IDENTIFIER = no.jstien.SyncTests;
				PRODUCT_NAME = "$(TARGET_NAME)";
				SWIFT_VERSION = 4.2;
				TARGETED_DEVICE_FAMILY = "1,2";
				TEST_HOST = "$(BUILT_PRODUCTS_DIR)/Sync.app/Sync";
			};
			name = Release;
		};
/* End XCBuildConfiguration section */

/* Begin XCConfigurationList section */
		19F4D586220F22390010BF89 /* Build configuration list for PBXProject "Sync" */ = {
			isa = XCConfigurationList;
			buildConfigurations = (
				19F4D5A6220F223A0010BF89 /* Debug */,
				19F4D5A7220F223A0010BF89 /* Release */,
			);
			defaultConfigurationIsVisible = 0;
			defaultConfigurationName = Release;
		};
		19F4D5A8220F223A0010BF89 /* Build configuration list for PBXNativeTarget "Sync" */ = {
			isa = XCConfigurationList;
			buildConfigurations = (
				19F4D5A9220F223A0010BF89 /* Debug */,
				19F4D5AA220F223A0010BF89 /* Release */,
			);
			defaultConfigurationIsVisible = 0;
			defaultConfigurationName = Release;
		};
		19F4D5AB220F223A0010BF89 /* Build configuration list for PBXNativeTarget "SyncTests" */ = {
			isa = XCConfigurationList;
			buildConfigurations = (
				19F4D5AC220F223A0010BF89 /* Debug */,
				19F4D5AD220F223A0010BF89 /* Release */,
			);
			defaultConfigurationIsVisible = 0;
			defaultConfigurationName = Release;
		};
/* End XCConfigurationList section */
	};
	rootObject = 19F4D583220F22390010BF89 /* Project object */;
}
